
Microsoft Visual Studio Solution File, Format Version 12.00
# Visual Studio Version 17
VisualStudioVersion = 17.5.002.0
MinimumVisualStudioVersion = 10.0.40219.1
Project("{9A19103F-16F7-4668-BE54-9A1E7A4F7556}") = "DotNetAPI", "DotNetAPI.csproj", "{A7615FE9-7856-4019-A995-20AA8D81CD18}"
EndProject
Global
	GlobalSection(SolutionConfigurationPlatforms) = preSolution
		Debug|Any CPU = Debug|Any CPU
		Release|Any CPU = Release|Any CPU
	EndGlobalSection
	GlobalSection(ProjectConfigurationPlatforms) = postSolution
		{A7615FE9-7856-4019-A995-20AA8D81CD18}.Debug|Any CPU.ActiveCfg = Debug|Any CPU
		{A7615FE9-7856-4019-A995-20AA8D81CD18}.Debug|Any CPU.Build.0 = Debug|Any CPU
		{A7615FE9-7856-4019-A995-20AA8D81CD18}.Release|Any CPU.ActiveCfg = Release|Any CPU
		{A7615FE9-7856-4019-A995-20AA8D81CD18}.Release|Any CPU.Build.0 = Release|Any CPU
	EndGlobalSection
	GlobalSection(SolutionProperties) = preSolution
		HideSolutionNode = FALSE
	EndGlobalSection
	GlobalSection(ExtensibilityGlobals) = postSolution
		SolutionGuid = {91E57AFA-04D3-4E8E-914B-CEF9FA75C6D8}
	EndGlobalSection
EndGlobal
